Microsoft Visual Studio Solution File, Format Version 12.00
# Visual Studio Version 17
VisualStudioVersion = 17.5.2.0
MinimumVisualStudioVersion = 10.0.40219.1
Project("{9A19103F-16F7-4668-BE54-9A1E7A4F7556}") = "SquaresApi", "SquaresApi.csproj", "{55F6624C-3CCD-2BDF-BA97-BD3CF14FB494}"
EndProject
Project("{FAE04EC0-301F-11D3-BF4B-00C04F79EFBC}") = "SquaresApi.Tests", "..\SquaresApi.Tests\SquaresApi.Tests.csproj", "{C22BDFE2-C137-471C-A8B4-F67E35622B8C}"
EndProject
Global
	GlobalSection(SolutionConfigurationPlatforms) = preSolution
		Debug|Any CPU = Debug|Any CPU
		Release|Any CPU = Release|Any CPU
	EndGlobalSection
	GlobalSection(ProjectConfigurationPlatforms) = postSolution
		{55F6624C-3CCD-2BDF-BA97-BD3CF14FB494}.Debug|Any CPU.ActiveCfg = Debug|Any CPU
		{55F6624C-3CCD-2BDF-BA97-BD3CF14FB494}.Debug|Any CPU.Build.0 = Debug|Any CPU
		{55F6624C-3CCD-2BDF-BA97-BD3CF14FB494}.Release|Any CPU.ActiveCfg = Release|Any CPU
		{55F6624C-3CCD-2BDF-BA97-BD3CF14FB494}.Release|Any CPU.Build.0 = Release|Any CPU
		{C22BDFE2-C137-471C-A8B4-F67E35622B8C}.Debug|Any CPU.ActiveCfg = Debug|Any CPU
		{C22BDFE2-C137-471C-A8B4-F67E35622B8C}.Debug|Any CPU.Build.0 = Debug|Any CPU
		{C22BDFE2-C137-471C-A8B4-F67E35622B8C}.Release|Any CPU.ActiveCfg = Release|Any CPU
		{C22BDFE2-C137-471C-A8B4-F67E35622B8C}.Release|Any CPU.Build.0 = Release|Any CPU
	EndGlobalSection
	GlobalSection(SolutionProperties) = preSolution
		HideSolutionNode = FALSE
	EndGlobalSection
	GlobalSection(ExtensibilityGlobals) = postSolution
		SolutionGuid = {1E1BC397-A83F-4475-9BF1-D31A9E60DD47}
	EndGlobalSection
EndGlobal
